
Microsoft Visual Studio Solution File, Format Version 12.00
# Visual Studio Version 17
VisualStudioVersion = 17.13.35919.96
MinimumVisualStudioVersion = 10.0.40219.1
Project("{FAE04EC0-301F-11D3-BF4B-00C04F79EFBC}") = "Fcg.Api", "Fcg.Api\Fcg.Api.csproj", "{C9FE5062-35FD-4D6D-B59B-9AE256199EB3}"
EndProject
Project("{FAE04EC0-301F-11D3-BF4B-00C04F79EFBC}") = "Fcg.Domain", "Fcg.Domain\Fcg.Domain.csproj", "{C2A16848-186A-4D71-8E74-94229757BE68}"
EndProject
Project("{FAE04EC0-301F-11D3-BF4B-00C04F79EFBC}") = "Fcg.Application", "Fcg.Application\Fcg.Application.csproj", "{782112EC-5EA9-4D50-8F67-99FA32A25407}"
EndProject
Project("{FAE04EC0-301F-11D3-BF4B-00C04F79EFBC}") = "Fcg.Infrastructure", "Fcg.Infrastructure\Fcg.Infrastructure.csproj", "{F66CD555-27B2-490F-9181-4C25BC1787E5}"
EndProject
Project("{FAE04EC0-301F-11D3-BF4B-00C04F79EFBC}") = "Fcg.Tests", "Fcg.Tests\Fcg.Tests.csproj", "{B3A43355-E63B-5E1B-7650-93089C9D3782}"
EndProject
Global
	GlobalSection(SolutionConfigurationPlatforms) = preSolution
		Debug|Any CPU = Debug|Any CPU
		Release|Any CPU = Release|Any CPU
	EndGlobalSection
	GlobalSection(ProjectConfigurationPlatforms) = postSolution
		{C9FE5062-35FD-4D6D-B59B-9AE256199EB3}.Debug|Any CPU.ActiveCfg = Debug|Any CPU
		{C9FE5062-35FD-4D6D-B59B-9AE256199EB3}.Debug|Any CPU.Build.0 = Debug|Any CPU
		{C9FE5062-35FD-4D6D-B59B-9AE256199EB3}.Release|Any CPU.ActiveCfg = Release|Any CPU
		{C9FE5062-35FD-4D6D-B59B-9AE256199EB3}.Release|Any CPU.Build.0 = Release|Any CPU
		{C2A16848-186A-4D71-8E74-94229757BE68}.Debug|Any CPU.ActiveCfg = Debug|Any CPU
		{C2A16848-186A-4D71-8E74-94229757BE68}.Debug|Any CPU.Build.0 = Debug|Any CPU
		{C2A16848-186A-4D71-8E74-94229757BE68}.Release|Any CPU.ActiveCfg = Release|Any CPU
		{C2A16848-186A-4D71-8E74-94229757BE68}.Release|Any CPU.Build.0 = Release|Any CPU
		{782112EC-5EA9-4D50-8F67-99FA32A25407}.Debug|Any CPU.ActiveCfg = Debug|Any CPU
		{782112EC-5EA9-4D50-8F67-99FA32A25407}.Debug|Any CPU.Build.0 = Debug|Any CPU
		{782112EC-5EA9-4D50-8F67-99FA32A25407}.Release|Any CPU.ActiveCfg = Release|Any CPU
		{782112EC-5EA9-4D50-8F67-99FA32A25407}.Release|Any CPU.Build.0 = Release|Any CPU
		{F66CD555-27B2-490F-9181-4C25BC1787E5}.Debug|Any CPU.ActiveCfg = Debug|Any CPU
		{F66CD555-27B2-490F-9181-4C25BC1787E5}.Debug|Any CPU.Build.0 = Debug|Any CPU
		{F66CD555-27B2-490F-9181-4C25BC1787E5}.Release|Any CPU.ActiveCfg = Release|Any CPU
		{F66CD555-27B2-490F-9181-4C25BC1787E5}.Release|Any CPU.Build.0 = Release|Any CPU
		{B3A43355-E63B-5E1B-7650-93089C9D3782}.Debug|Any CPU.ActiveCfg = Debug|Any CPU
		{B3A43355-E63B-5E1B-7650-93089C9D3782}.Debug|Any CPU.Build.0 = Debug|Any CPU
		{B3A43355-E63B-5E1B-7650-93089C9D3782}.Release|Any CPU.ActiveCfg = Release|Any CPU
		{B3A43355-E63B-5E1B-7650-93089C9D3782}.Release|Any CPU.Build.0 = Release|Any CPU
	EndGlobalSection
	GlobalSection(SolutionProperties) = preSolution
		HideSolutionNode = FALSE
	EndGlobalSection
	GlobalSection(ExtensibilityGlobals) = postSolution
		SolutionGuid = {B8AA7E48-FA3A-4E11-B20D-2685AD6DC4E4}
	EndGlobalSection
EndGlobal
